
Microsoft Visual Studio Solution File, Format Version 12.00
# Visual Studio Version 16
VisualStudioVersion = 16.0.31019.35
MinimumVisualStudioVersion = 10.0.40219.1
Project("{FAE04EC0-301F-11D3-BF4B-00C04F79EFBC}") = "ServiceBusSender", "ServiceBusSender\ServiceBusSender.csproj", "{A6A1671D-B218-4513-A7DB-2FA1C2552C83}"
EndProject
Global
	GlobalSection(SolutionConfigurationPlatforms) = preSolution
		Debug|Any CPU = Debug|Any CPU
		Release|Any CPU = Release|Any CPU
	EndGlobalSection
	GlobalSection(ProjectConfigurationPlatforms) = postSolution
		{A6A1671D-B218-4513-A7DB-2FA1C2552C83}.Debug|Any CPU.ActiveCfg = Debug|Any CPU
		{A6A1671D-B218-4513-A7DB-2FA1C2552C83}.Debug|Any CPU.Build.0 = Debug|Any CPU
		{A6A1671D-B218-4513-A7DB-2FA1C2552C83}.Release|Any CPU.ActiveCfg = Release|Any CPU
		{A6A1671D-B218-4513-A7DB-2FA1C2552C83}.Release|Any CPU.Build.0 = Release|Any CPU
	EndGlobalSection
	GlobalSection(SolutionProperties) = preSolution
		HideSolutionNode = FALSE
	EndGlobalSection
	GlobalSection(ExtensibilityGlobals) = postSolution
		SolutionGuid = {59F3994B-7997-4146-B1A6-DF2A9A3D0CFE}
	EndGlobalSection
EndGlobal
